// !$*UTF8*$!
{
	archiveVersion = 1;
	classes = {
	};
	objectVersion = 50;
	objects = {

/* Begin PBXBuildFile section */
		E6E4395924B4DEE70088430C /* AppDelegate.swift in Sources */ = {isa = PBXBuildFile; fileRef = E6E4395824B4DEE70088430C /* AppDelegate.swift */; };
		E6E4395B24B4DEE70088430C /* SceneDelegate.swift in Sources */ = {isa = PBXBuildFile; fileRef = E6E4395A24B4DEE70088430C /* SceneDelegate.swift */; };
		E6E4395D24B4DEE70088430C /* ActivitiesViewController.swift in Sources */ = {isa = PBXBuildFile; fileRef = E6E4395C24B4DEE70088430C /* ActivitiesViewController.swift */; };
		E6E4396024B4DEE70088430C /* Main.storyboard in Resources */ = {isa = PBXBuildFile; fileRef = E6E4395E24B4DEE70088430C /* Main.storyboard */; };
		E6E4396224B4DEE90088430C /* Assets.xcassets in Resources */ = {isa = PBXBuildFile; fileRef = E6E4396124B4DEE90088430C /* Assets.xcassets */; };
		E6E4396524B4DEE90088430C /* LaunchScreen.storyboard in Resources */ = {isa = PBXBuildFile; fileRef = E6E4396324B4DEE90088430C /* LaunchScreen.storyboard */; };
		E6E4396D24B4EE3C0088430C /* ActivityItemCell.swift in Sources */ = {isa = PBXBuildFile; fileRef = E6E4396C24B4EE3C0088430C /* ActivityItemCell.swift */; };
/* End PBXBuildFile section */

/* Begin PBXFileReference section */
		E6E4395524B4DEE70088430C /* DayContent.app */ = {isa = PBXFileReference; explicitFileType = wrapper.application; includeInIndex = 0; path = DayContent.app; sourceTree = BUILT_PRODUCTS_DIR; };
		E6E4395824B4DEE70088430C /* AppDelegate.swift */ = {isa = PBXFileReference; lastKnownFileType = sourcecode.swift; path = AppDelegate.swift; sourceTree = "<group>"; };
		E6E4395A24B4DEE70088430C /* SceneDelegate.swift */ = {isa = PBXFileReference; lastKnownFileType = sourcecode.swift; path = SceneDelegate.swift; sourceTree = "<group>"; };
		E6E4395C24B4DEE70088430C /* ActivitiesViewController.swift */ = {isa = PBXFileReference; lastKnownFileType = sourcecode.swift; path = ActivitiesViewController.swift; sourceTree = "<group>"; };
		E6E4395F24B4DEE70088430C /* Base */ = {isa = PBXFileReference; lastKnownFileType = file.storyboard; name = Base; path = Base.lproj/Main.storyboard; sourceTree = "<group>"; };
		E6E4396124B4DEE90088430C /* Assets.xcassets */ = {isa = PBXFileReference; lastKnownFileType = folder.assetcatalog; path = Assets.xcassets; sourceTree = "<group>"; };
		E6E4396424B4DEE90088430C /* Base */ = {isa = PBXFileReference; lastKnownFileType = file.storyboard; name = Base; path = Base.lproj/LaunchScreen.storyboard; sourceTree = "<group>"; };
		E6E4396624B4DEE90088430C /* Info.plist */ = {isa = PBXFileReference; lastKnownFileType = text.plist.xml; path = Info.plist; sourceTree = "<group>"; };
		E6E4396C24B4EE3C0088430C /* ActivityItemCell.swift */ = {isa = PBXFileReference; lastKnownFileType = sourcecode.swift; path = ActivityItemCell.swift; sourceTree = "<group>"; };
/* End PBXFileReference section */

/* Begin PBXFrameworksBuildPhase section */
		E6E4395224B4DEE70088430C /* Frameworks */ = {
			isa = PBXFrameworksBuildPhase;
			buildActionMask = 2147483647;
			files = (
			);
			runOnlyForDeploymentPostprocessing = 0;
		};
/* End PBXFrameworksBuildPhase section */

/* Begin PBXGroup section */
		E6E4394C24B4DEE70088430C = {
			isa = PBXGroup;
			children = (
				E6E4395724B4DEE70088430C /* DayContent */,
				E6E4395624B4DEE70088430C /* Products */,
			);
			sourceTree = "<group>";
		};
		E6E4395624B4DEE70088430C /* Products */ = {
			isa = PBXGroup;
			children = (
				E6E4395524B4DEE70088430C /* DayContent.app */,
			);
			name = Products;
			sourceTree = "<group>";
		};
		E6E4395724B4DEE70088430C /* DayContent */ = {
			isa = PBXGroup;
			children = (
				E6E4395824B4DEE70088430C /* AppDelegate.swift */,
				E6E4395A24B4DEE70088430C /* SceneDelegate.swift */,
				E6E4395C24B4DEE70088430C /* ActivitiesViewController.swift */,
				E6E4395E24B4DEE70088430C /* Main.storyboard */,
				E6E4396124B4DEE90088430C /* Assets.xcassets */,
				E6E4396324B4DEE90088430C /* LaunchScreen.storyboard */,
				E6E4396624B4DEE90088430C /* Info.plist */,
				E6E4396C24B4EE3C0088430C /* ActivityItemCell.swift */,
			);
			path = DayContent;
			sourceTree = "<group>";
		};
/* End PBXGroup section */

/* Begin PBXNativeTarget section */
		E6E4395424B4DEE70088430C /* DayContent */ = {
			isa = PBXNativeTarget;
			buildConfigurationList = E6E4396924B4DEE90088430C /* Build configuration list for PBXNativeTarget "DayContent" */;
			buildPhases = (
				E6E4395124B4DEE70088430C /* Sources */,
				E6E4395224B4DEE70088430C /* Frameworks */,
				E6E4395324B4DEE70088430C /* Resources */,
			);
			buildRules = (
			);
			dependencies = (
			);
			name = DayContent;
			productName = DayContent;
			productReference = E6E4395524B4DEE70088430C /* DayContent.app */;
			productType = "com.apple.product-type.application";
		};
/* End PBXNativeTarget section */

/* Begin PBXProject section */
		E6E4394D24B4DEE70088430C /* Project object */ = {
			isa = PBXProject;
			attributes = {
				LastSwiftUpdateCheck = 1150;
				LastUpgradeCheck = 1150;
				ORGANIZATIONNAME = "Tigran Simonyan (LuckyAds)";
				TargetAttributes = {
					E6E4395424B4DEE70088430C = {
						CreatedOnToolsVersion = 11.5;
					};
				};
			};
			buildConfigurationList = E6E4395024B4DEE70088430C /* Build configuration list for PBXProject "DayContent" */;
			compatibilityVersion = "Xcode 9.3";
			developmentRegion = en;
			hasScannedForEncodings = 0;
			knownRegions = (
				en,
				Base,
			);
			mainGroup = E6E4394C24B4DEE70088430C;
			productRefGroup = E6E4395624B4DEE70088430C /* Products */;
			projectDirPath = "";
			projectRoot = "";
			targets = (
				E6E4395424B4DEE70088430C /* DayContent */,
			);
		};
/* End PBXProject section */

/* Begin PBXResourcesBuildPhase section */
		E6E4395324B4DEE70088430C /* Resources */ = {
			isa = PBXResourcesBuildPhase;
			buildActionMask = 2147483647;
			files = (
				E6E4396524B4DEE90088430C /* LaunchScreen.storyboard in Resources */,
				E6E4396224B4DEE90088430C /* Assets.xcassets in Resources */,
				E6E4396024B4DEE70088430C /* Main.storyboard in Resources */,
			);
			runOnlyForDeploymentPostprocessing = 0;
		};
/* End PBXResourcesBuildPhase section */

/* Begin PBXSourcesBuildPhase section */
		E6E4395124B4DEE70088430C /* Sources */ = {
			isa = PBXSourcesBuildPhase;
			buildActionMask = 2147483647;
			files = (
				E6E4395D24B4DEE70088430C /* ActivitiesViewController.swift in Sources */,
				E6E4396D24B4EE3C0088430C /* ActivityItemCell.swift in Sources */,
				E6E4395924B4DEE70088430C /* AppDelegate.swift in Sources */,
				E6E4395B24B4DEE70088430C /* SceneDelegate.swift in Sources */,
			);
			runOnlyForDeploymentPostprocessing = 0;
		};
/* End PBXSourcesBuildPhase section */

/* Begin PBXVariantGroup section */
		E6E4395E24B4DEE70088430C /* Main.storyboard */ = {
			isa = PBXVariantGroup;
			children = (
				E6E4395F24B4DEE70088430C /* Base */,
			);
			name = Main.storyboard;
			sourceTree = "<group>";
		};
		E6E4396324B4DEE90088430C /* LaunchScreen.storyboard */ = {
			isa = PBXVariantGroup;
			children = (
				E6E4396424B4DEE90088430C /* Base */,
			);
			name = LaunchScreen.storyboard;
			sourceTree = "<group>";
		};
/* End PBXVariantGroup section */

/* Begin XCBuildConfiguration section */
		E6E4396724B4DEE90088430C /* Debug */ = {
			isa = XCBuildConfiguration;
			buildSettings = {
				ALWAYS_SEARCH_USER_PATHS = NO;
				CLANG_ANALYZER_NONNULL = YES;
				CLANG_ANALYZER_NUMBER_OBJECT_CONVERSION = YES_AGGRESSIVE;
				CLANG_CXX_LANGUAGE_STANDARD = "gnu++14";
				CLANG_CXX_LIBRARY = "libc++";
				CLANG_ENABLE_MODULES = YES;
				CLANG_ENABLE_OBJC_ARC = YES;
				CLANG_ENABLE_OBJC_WEAK = YES;
				CLANG_WARN_BLOCK_CAPTURE_AUTORELEASING = YES;
				CLANG_WARN_BOOL_CONVERSION = YES;
				CLANG_WARN_COMMA = YES;
				CLANG_WARN_CONSTANT_CONVERSION = YES;
				CLANG_WARN_DEPRECATED_OBJC_IMPLEMENTATIONS = YES;
				CLANG_WARN_DIRECT_OBJC_ISA_USAGE = YES_ERROR;
				CLANG_WARN_DOCUMENTATION_COMMENTS = YES;
				CLANG_WARN_EMPTY_BODY = YES;
				CLANG_WARN_ENUM_CONVERSION = YES;
				CLANG_WARN_INFINITE_RECURSION = YES;
				CLANG_WARN_INT_CONVERSION = YES;
				CLANG_WARN_NON_LITERAL_NULL_CONVERSION = YES;
				CLANG_WARN_OBJC_IMPLICIT_RETAIN_SELF = YES;
				CLANG_WARN_OBJC_LITERAL_CONVERSION = YES;
				CLANG_WARN_OBJC_ROOT_CLASS = YES_ERROR;
				CLANG_WARN_RANGE_LOOP_ANALYSIS = YES;
				CLANG_WARN_STRICT_PROTOTYPES = YES;
				CLANG_WARN_SUSPICIOUS_MOVE = YES;
				CLANG_WARN_UNGUARDED_AVAILABILITY = YES_AGGRESSIVE;
				CLANG_WARN_UNREACHABLE_CODE = YES;
				CLANG_WARN__DUPLICATE_METHOD_MATCH = YES;
				COPY_PHASE_STRIP = NO;
				DEBUG_INFORMATION_FORMAT = dwarf;
				ENABLE_STRICT_OBJC_MSGSEND = YES;
				ENABLE_TESTABILITY = YES;
				GCC_C_LANGUAGE_STANDARD = gnu11;
				GCC_DYNAMIC_NO_PIC = NO;
				GCC_NO_COMMON_BLOCKS = YES;
				GCC_OPTIMIZATION_LEVEL = 0;
				GCC_PREPROCESSOR_DEFINITIONS = (
					"DEBUG=1",
					"$(inherited)",
				);
				GCC_WARN_64_TO_32_BIT_CONVERSION = YES;
				GCC_WARN_ABOUT_RETURN_TYPE = YES_ERROR;
				GCC_WARN_UNDECLARED_SELECTOR = YES;
				GCC_WARN_UNINITIALIZED_AUTOS = YES_AGGRESSIVE;
				GCC_WARN_UNUSED_FUNCTION = YES;
				GCC_WARN_UNUSED_VARIABLE = YES;
				IPHONEOS_DEPLOYMENT_TARGET = 13.5;
				MTL_ENABLE_DEBUG_INFO = INCLUDE_SOURCE;
				MTL_FAST_MATH = YES;
				ONLY_ACTIVE_ARCH = YES;
				SDKROOT = iphoneos;
				SWIFT_ACTIVE_COMPILATION_CONDITIONS = DEBUG;
				SWIFT_OPTIMIZATION_LEVEL = "-Onone";
			};
			name = Debug;
		};
		E6E4396824B4DEE90088430C /* Release */ = {
			isa = XCBuildConfiguration;
			buildSettings = {
				ALWAYS_SEARCH_USER_PATHS = NO;
				CLANG_ANALYZER_NONNULL = YES;
				CLANG_ANALYZER_NUMBER_OBJECT_CONVERSION = YES_AGGRESSIVE;
				CLANG_CXX_LANGUAGE_STANDARD = "gnu++14";
				CLANG_CXX_LIBRARY = "libc++";
				CLANG_ENABLE_MODULES = YES;
				CLANG_ENABLE_OBJC_ARC = YES;
				CLANG_ENABLE_OBJC_WEAK = YES;
				CLANG_WARN_BLOCK_CAPTURE_AUTORELEASING = YES;
				CLANG_WARN_BOOL_CONVERSION = YES;
				CLANG_WARN_COMMA = YES;
				CLANG_WARN_CONSTANT_CONVERSION = YES;
				CLANG_WARN_DEPRECATED_OBJC_IMPLEMENTATIONS = YES;
				CLANG_WARN_DIRECT_OBJC_ISA_USAGE = YES_ERROR;
				CLANG_WARN_DOCUMENTATION_COMMENTS = YES;
				CLANG_WARN_EMPTY_BODY = YES;
				CLANG_WARN_ENUM_CONVERSION = YES;
				CLANG_WARN_INFINITE_RECURSION = YES;
				CLANG_WARN_INT_CONVERSION = YES;
				CLANG_WARN_NON_LITERAL_NULL_CONVERSION = YES;
				CLANG_WARN_OBJC_IMPLICIT_RETAIN_SELF = YES;
				CLANG_WARN_OBJC_LITERAL_CONVERSION = YES;
				CLANG_WARN_OBJC_ROOT_CLASS = YES_ERROR;
				CLANG_WARN_RANGE_LOOP_ANALYSIS = YES;
				CLANG_WARN_STRICT_PROTOTYPES = YES;
				CLANG_WARN_SUSPICIOUS_MOVE = YES;
				CLANG_WARN_UNGUARDED_AVAILABILITY = YES_AGGRESSIVE;
				CLANG_WARN_UNREACHABLE_CODE = YES;
				CLANG_WARN__DUPLICATE_METHOD_MATCH = YES;
				COPY_PHASE_STRIP = NO;
				DEBUG_INFORMATION_FORMAT = "dwarf-with-dsym";
				ENABLE_NS_ASSERTIONS = NO;
				ENABLE_STRICT_OBJC_MSGSEND = YES;
				GCC_C_LANGUAGE_STANDARD = gnu11;
				GCC_NO_COMMON_BLOCKS = YES;
				GCC_WARN_64_TO_32_BIT_CONVERSION = YES;
				GCC_WARN_ABOUT_RETURN_TYPE = YES_ERROR;
				GCC_WARN_UNDECLARED_SELECTOR = YES;
				GCC_WARN_UNINITIALIZED_AUTOS = YES_AGGRESSIVE;
				GCC_WARN_UNUSED_FUNCTION = YES;
				GCC_WARN_UNUSED_VARIABLE = YES;
				IPHONEOS_DEPLOYMENT_TARGET = 13.5;
				MTL_ENABLE_DEBUG_INFO = NO;
				MTL_FAST_MATH = YES;
				SDKROOT = iphoneos;
				SWIFT_COMPILATION_MODE = wholemodule;
				SWIFT_OPTIMIZATION_LEVEL = "-O";
				VALIDATE_PRODUCT = YES;
			};
			name = Release;
		};
		E6E4396A24B4DEE90088430C /* Debug */ = {
			isa = XCBuildConfiguration;
			buildSettings = {
				ASSETCATALOG_COMPILER_APPICON_NAME = AppIcon;
				CODE_SIGN_STYLE = Automatic;
				DEVELOPMENT_TEAM = 44YSKK794Q;
				INFOPLIST_FILE = DayContent/Info.plist;
				LD_RUNPATH_SEARCH_PATHS = (
					"$(inherited)",
					"@executable_path/Frameworks",
				);
				PRODUCT_BUNDLE_IDENTIFIER = com.scriptomania.DayContent;
				PRODUCT_NAME = "$(TARGET_NAME)";
				SWIFT_VERSION = 5.0;
				TARGETED_DEVICE_FAMILY = "1,2";
			};
			name = Debug;
		};
		E6E4396B24B4DEE90088430C /* Release */ = {
			isa = XCBuildConfiguration;
			buildSettings = {
				ASSETCATALOG_COMPILER_APPICON_NAME = AppIcon;
				CODE_SIGN_STYLE = Automatic;
				DEVELOPMENT_TEAM = 44YSKK794Q;
				INFOPLIST_FILE = DayContent/Info.plist;
				LD_RUNPATH_SEARCH_PATHS = (
					"$(inherited)",
					"@executable_path/Frameworks",
				);
				PRODUCT_BUNDLE_IDENTIFIER = com.scriptomania.DayContent;
				PRODUCT_NAME = "$(TARGET_NAME)";
				SWIFT_VERSION = 5.0;
				TARGETED_DEVICE_FAMILY = "1,2";
			};
			name = Release;
		};
/* End XCBuildConfiguration section */

/* Begin XCConfigurationList section */
		E6E4395024B4DEE70088430C /* Build configuration list for PBXProject "DayContent" */ = {
			isa = XCConfigurationList;
			buildConfigurations = (
				E6E4396724B4DEE90088430C /* Debug */,
				E6E4396824B4DEE90088430C /* Release */,
			);
			defaultConfigurationIsVisible = 0;
			defaultConfigurationName = Release;
		};
		E6E4396924B4DEE90088430C /* Build configuration list for PBXNativeTarget "DayContent" */ = {
			isa = XCConfigurationList;
			buildConfigurations = (
				E6E4396A24B4DEE90088430C /* Debug */,
				E6E4396B24B4DEE90088430C /* Release */,
			);
			defaultConfigurationIsVisible = 0;
			defaultConfigurationName = Release;
		};
/* End XCConfigurationList section */
	};
	rootObject = E6E4394D24B4DEE70088430C /* Project object */;
}
